
Microsoft Visual Studio Solution File, Format Version 12.00
# Visual Studio Version 16
VisualStudioVersion = 16.0.30413.136
MinimumVisualStudioVersion = 10.0.40219.1
Project("{FAE04EC0-301F-11D3-BF4B-00C04F79EFBC}") = "SWENG894", "SWENG894\SWENG894.csproj", "{C95B126B-0175-47E1-A919-FE58A8E2D1C8}"
EndProject
Project("{FAE04EC0-301F-11D3-BF4B-00C04F79EFBC}") = "SWENG894.Test", "SWENG894.Test\SWENG894.Test.csproj", "{7FF05165-90A1-4786-82D0-EAE7258C43CB}"
EndProject
Global
	GlobalSection(SolutionConfigurationPlatforms) = preSolution
		Debug|Any CPU = Debug|Any CPU
		Release|Any CPU = Release|Any CPU
	EndGlobalSection
	GlobalSection(ProjectConfigurationPlatforms) = postSolution
		{C95B126B-0175-47E1-A919-FE58A8E2D1C8}.Debug|Any CPU.ActiveCfg = Debug|Any CPU
		{C95B126B-0175-47E1-A919-FE58A8E2D1C8}.Debug|Any CPU.Build.0 = Debug|Any CPU
		{C95B126B-0175-47E1-A919-FE58A8E2D1C8}.Release|Any CPU.ActiveCfg = Release|Any CPU
		{C95B126B-0175-47E1-A919-FE58A8E2D1C8}.Release|Any CPU.Build.0 = Release|Any CPU
		{7FF05165-90A1-4786-82D0-EAE7258C43CB}.Debug|Any CPU.ActiveCfg = Debug|Any CPU
		{7FF05165-90A1-4786-82D0-EAE7258C43CB}.Debug|Any CPU.Build.0 = Debug|Any CPU
		{7FF05165-90A1-4786-82D0-EAE7258C43CB}.Release|Any CPU.ActiveCfg = Release|Any CPU
		{7FF05165-90A1-4786-82D0-EAE7258C43CB}.Release|Any CPU.Build.0 = Release|Any CPU
	EndGlobalSection
	GlobalSection(SolutionProperties) = preSolution
		HideSolutionNode = FALSE
	EndGlobalSection
	GlobalSection(ExtensibilityGlobals) = postSolution
		SolutionGuid = {6C80165D-D90C-451F-AC8F-03CAFC55062B}
	EndGlobalSection
EndGlobal
